// !$*UTF8*$!
{
	archiveVersion = 1;
	classes = {
	};
	objectVersion = 46;
	objects = {

/* Begin PBXBuildFile section */
		1EE754491DAC4B0F001100F9 /* AppDelegate.swift in Sources */ = {isa = PBXBuildFile; fileRef = 1EE754481DAC4B0F001100F9 /* AppDelegate.swift */; };
		1EE7544B1DAC4B0F001100F9 /* LoginViewController.swift in Sources */ = {isa = PBXBuildFile; fileRef = 1EE7544A1DAC4B0F001100F9 /* LoginViewController.swift */; };
		1EE7544E1DAC4B0F001100F9 /* Main.storyboard in Resources */ = {isa = PBXBuildFile; fileRef = 1EE7544C1DAC4B0F001100F9 /* Main.storyboard */; };
		1EE754501DAC4B0F001100F9 /* Assets.xcassets in Resources */ = {isa = PBXBuildFile; fileRef = 1EE7544F1DAC4B0F001100F9 /* Assets.xcassets */; };
		1EE754531DAC4B0F001100F9 /* LaunchScreen.storyboard in Resources */ = {isa = PBXBuildFile; fileRef = 1EE754511DAC4B0F001100F9 /* LaunchScreen.storyboard */; };
		1EE7545B1DAC7491001100F9 /* Constants.swift in Sources */ = {isa = PBXBuildFile; fileRef = 1EE7545A1DAC7491001100F9 /* Constants.swift */; };
		1EE7545D1DACA3E5001100F9 /* ParseClient.swift in Sources */ = {isa = PBXBuildFile; fileRef = 1EE7545C1DACA3E5001100F9 /* ParseClient.swift */; };
		1EE7545F1DACA998001100F9 /* Student.swift in Sources */ = {isa = PBXBuildFile; fileRef = 1EE7545E1DACA998001100F9 /* Student.swift */; };
		1EE754651DAD418A001100F9 /* MapViewController.swift in Sources */ = {isa = PBXBuildFile; fileRef = 1EE754641DAD418A001100F9 /* MapViewController.swift */; };
		1EE754671DAD41A7001100F9 /* ListViewController.swift in Sources */ = {isa = PBXBuildFile; fileRef = 1EE754661DAD41A7001100F9 /* ListViewController.swift */; };
		1EE7546C1DAD4F10001100F9 /* MapKit.framework in Frameworks */ = {isa = PBXBuildFile; fileRef = 1EE7546B1DAD4F10001100F9 /* MapKit.framework */; };
		1EE7546E1DAD55F8001100F9 /* PinViewController.swift in Sources */ = {isa = PBXBuildFile; fileRef = 1EE7546D1DAD55F8001100F9 /* PinViewController.swift */; };
		1EE754701DADB6A0001100F9 /* UdacityClient.swift in Sources */ = {isa = PBXBuildFile; fileRef = 1EE7546F1DADB6A0001100F9 /* UdacityClient.swift */; };
		1EE754721DADB878001100F9 /* UdacityConstants.swift in Sources */ = {isa = PBXBuildFile; fileRef = 1EE754711DADB878001100F9 /* UdacityConstants.swift */; };
		1EE754741DADDEA1001100F9 /* UITextField+extension.swift in Sources */ = {isa = PBXBuildFile; fileRef = 1EE754731DADDEA1001100F9 /* UITextField+extension.swift */; };
		1EF740621DAEE505004359DD /* UdacityUser.swift in Sources */ = {isa = PBXBuildFile; fileRef = 1EF740611DAEE505004359DD /* UdacityUser.swift */; };
		1EF740641DAF0EBD004359DD /* ParseConstants.swift in Sources */ = {isa = PBXBuildFile; fileRef = 1EF740631DAF0EBD004359DD /* ParseConstants.swift */; };
		1EF740661DB057E7004359DD /* MapTypeViewController.swift in Sources */ = {isa = PBXBuildFile; fileRef = 1EF740651DB057E7004359DD /* MapTypeViewController.swift */; };
		1EF740681DB15F84004359DD /* ParseData.swift in Sources */ = {isa = PBXBuildFile; fileRef = 1EF740671DB15F84004359DD /* ParseData.swift */; };
/* End PBXBuildFile section */

/* Begin PBXFileReference section */
		1EE754451DAC4B0F001100F9 /* OnTheMap.app */ = {isa = PBXFileReference; explicitFileType = wrapper.application; includeInIndex = 0; path = OnTheMap.app; sourceTree = BUILT_PRODUCTS_DIR; };
		1EE754481DAC4B0F001100F9 /* AppDelegate.swift */ = {isa = PBXFileReference; lastKnownFileType = sourcecode.swift; path = AppDelegate.swift; sourceTree = "<group>"; };
		1EE7544A1DAC4B0F001100F9 /* LoginViewController.swift */ = {isa = PBXFileReference; lastKnownFileType = sourcecode.swift; path = LoginViewController.swift; sourceTree = "<group>"; };
		1EE7544D1DAC4B0F001100F9 /* Base */ = {isa = PBXFileReference; lastKnownFileType = file.storyboard; name = Base; path = Base.lproj/Main.storyboard; sourceTree = "<group>"; };
		1EE7544F1DAC4B0F001100F9 /* Assets.xcassets */ = {isa = PBXFileReference; lastKnownFileType = folder.assetcatalog; path = Assets.xcassets; sourceTree = "<group>"; };
		1EE754521DAC4B0F001100F9 /* Base */ = {isa = PBXFileReference; lastKnownFileType = file.storyboard; name = Base; path = Base.lproj/LaunchScreen.storyboard; sourceTree = "<group>"; };
		1EE754541DAC4B0F001100F9 /* Info.plist */ = {isa = PBXFileReference; lastKnownFileType = text.plist.xml; path = Info.plist; sourceTree = "<group>"; };
		1EE7545A1DAC7491001100F9 /* Constants.swift */ = {isa = PBXFileReference; fileEncoding = 4; lastKnownFileType = sourcecode.swift; path = Constants.swift; sourceTree = "<group>"; };
		1EE7545C1DACA3E5001100F9 /* ParseClient.swift */ = {isa = PBXFileReference; fileEncoding = 4; lastKnownFileType = sourcecode.swift; path = ParseClient.swift; sourceTree = "<group>"; };
		1EE7545E1DACA998001100F9 /* Student.swift */ = {isa = PBXFileReference; fileEncoding = 4; lastKnownFileType = sourcecode.swift; path = Student.swift; sourceTree = "<group>"; };
		1EE754641DAD418A001100F9 /* MapViewController.swift */ = {isa = PBXFileReference; fileEncoding = 4; lastKnownFileType = sourcecode.swift; path = MapViewController.swift; sourceTree = "<group>"; };
		1EE754661DAD41A7001100F9 /* ListViewController.swift */ = {isa = PBXFileReference; fileEncoding = 4; lastKnownFileType = sourcecode.swift; path = ListViewController.swift; sourceTree = "<group>"; };
		1EE7546B1DAD4F10001100F9 /* MapKit.framework */ = {isa = PBXFileReference; lastKnownFileType = wrapper.framework; name = MapKit.framework; path = System/Library/Frameworks/MapKit.framework; sourceTree = SDKROOT; };
		1EE7546D1DAD55F8001100F9 /* PinViewController.swift */ = {isa = PBXFileReference; fileEncoding = 4; lastKnownFileType = sourcecode.swift; path = PinViewController.swift; sourceTree = "<group>"; };
		1EE7546F1DADB6A0001100F9 /* UdacityClient.swift */ = {isa = PBXFileReference; fileEncoding = 4; lastKnownFileType = sourcecode.swift; path = UdacityClient.swift; sourceTree = "<group>"; };
		1EE754711DADB878001100F9 /* UdacityConstants.swift */ = {isa = PBXFileReference; fileEncoding = 4; lastKnownFileType = sourcecode.swift; path = UdacityConstants.swift; sourceTree = "<group>"; };
		1EE754731DADDEA1001100F9 /* UITextField+extension.swift */ = {isa = PBXFileReference; fileEncoding = 4; lastKnownFileType = sourcecode.swift; path = "UITextField+extension.swift"; sourceTree = "<group>"; };
		1EF740611DAEE505004359DD /* UdacityUser.swift */ = {isa = PBXFileReference; fileEncoding = 4; lastKnownFileType = sourcecode.swift; path = UdacityUser.swift; sourceTree = "<group>"; };
		1EF740631DAF0EBD004359DD /* ParseConstants.swift */ = {isa = PBXFileReference; fileEncoding = 4; lastKnownFileType = sourcecode.swift; path = ParseConstants.swift; sourceTree = "<group>"; };
		1EF740651DB057E7004359DD /* MapTypeViewController.swift */ = {isa = PBXFileReference; fileEncoding = 4; lastKnownFileType = sourcecode.swift; path = MapTypeViewController.swift; sourceTree = "<group>"; };
		1EF740671DB15F84004359DD /* ParseData.swift */ = {isa = PBXFileReference; fileEncoding = 4; lastKnownFileType = sourcecode.swift; path = ParseData.swift; sourceTree = "<group>"; };
/* End PBXFileReference section */

/* Begin PBXFrameworksBuildPhase section */
		1EE754421DAC4B0F001100F9 /* Frameworks */ = {
			isa = PBXFrameworksBuildPhase;
			buildActionMask = 2147483647;
			files = (
				1EE7546C1DAD4F10001100F9 /* MapKit.framework in Frameworks */,
			);
			runOnlyForDeploymentPostprocessing = 0;
		};
/* End PBXFrameworksBuildPhase section */

/* Begin PBXGroup section */
		1EE7543C1DAC4B0F001100F9 = {
			isa = PBXGroup;
			children = (
				1EE754471DAC4B0F001100F9 /* OnTheMap */,
				1EE754461DAC4B0F001100F9 /* Products */,
				1EE7546A1DAD4F10001100F9 /* Frameworks */,
			);
			sourceTree = "<group>";
		};
		1EE754461DAC4B0F001100F9 /* Products */ = {
			isa = PBXGroup;
			children = (
				1EE754451DAC4B0F001100F9 /* OnTheMap.app */,
			);
			name = Products;
			sourceTree = "<group>";
		};
		1EE754471DAC4B0F001100F9 /* OnTheMap */ = {
			isa = PBXGroup;
			children = (
				1EE754481DAC4B0F001100F9 /* AppDelegate.swift */,
				1EE754751DADF214001100F9 /* Controllers */,
				1EE754621DACAC9C001100F9 /* Model */,
				1EE754761DADF226001100F9 /* Extensions */,
				1EE754771DADF23F001100F9 /* Media */,
				1EE754781DADF253001100F9 /* Supporting files */,
			);
			path = OnTheMap;
			sourceTree = "<group>";
		};
		1EE754601DACAC89001100F9 /* Parse */ = {
			isa = PBXGroup;
			children = (
				1EE7545C1DACA3E5001100F9 /* ParseClient.swift */,
				1EF740631DAF0EBD004359DD /* ParseConstants.swift */,
				1EE7545E1DACA998001100F9 /* Student.swift */,
				1EF740671DB15F84004359DD /* ParseData.swift */,
			);
			name = Parse;
			sourceTree = "<group>";
		};
		1EE754611DACAC90001100F9 /* Clients */ = {
			isa = PBXGroup;
			children = (
				1EE754631DACACA4001100F9 /* Udacity */,
				1EE754601DACAC89001100F9 /* Parse */,
			);
			name = Clients;
			sourceTree = "<group>";
		};
		1EE754621DACAC9C001100F9 /* Model */ = {
			isa = PBXGroup;
			children = (
				1EE754611DACAC90001100F9 /* Clients */,
			);
			name = Model;
			sourceTree = "<group>";
		};
		1EE754631DACACA4001100F9 /* Udacity */ = {
			isa = PBXGroup;
			children = (
				1EE7546F1DADB6A0001100F9 /* UdacityClient.swift */,
				1EE754711DADB878001100F9 /* UdacityConstants.swift */,
				1EF740611DAEE505004359DD /* UdacityUser.swift */,
			);
			name = Udacity;
			sourceTree = "<group>";
		};
		1EE7546A1DAD4F10001100F9 /* Frameworks */ = {
			isa = PBXGroup;
			children = (
				1EE7546B1DAD4F10001100F9 /* MapKit.framework */,
			);
			name = Frameworks;
			sourceTree = "<group>";
		};
		1EE754751DADF214001100F9 /* Controllers */ = {
			isa = PBXGroup;
			children = (
				1EE7544A1DAC4B0F001100F9 /* LoginViewController.swift */,
				1EE754641DAD418A001100F9 /* MapViewController.swift */,
				1EE754661DAD41A7001100F9 /* ListViewController.swift */,
				1EE7546D1DAD55F8001100F9 /* PinViewController.swift */,
				1EF740651DB057E7004359DD /* MapTypeViewController.swift */,
			);
			name = Controllers;
			sourceTree = "<group>";
		};
		1EE754761DADF226001100F9 /* Extensions */ = {
			isa = PBXGroup;
			children = (
				1EE754731DADDEA1001100F9 /* UITextField+extension.swift */,
			);
			name = Extensions;
			sourceTree = "<group>";
		};
		1EE754771DADF23F001100F9 /* Media */ = {
			isa = PBXGroup;
			children = (
				1EE7544C1DAC4B0F001100F9 /* Main.storyboard */,
				1EE7544F1DAC4B0F001100F9 /* Assets.xcassets */,
				1EE754511DAC4B0F001100F9 /* LaunchScreen.storyboard */,
			);
			name = Media;
			sourceTree = "<group>";
		};
		1EE754781DADF253001100F9 /* Supporting files */ = {
			isa = PBXGroup;
			children = (
				1EE7545A1DAC7491001100F9 /* Constants.swift */,
				1EE754541DAC4B0F001100F9 /* Info.plist */,
			);
			name = "Supporting files";
			sourceTree = "<group>";
		};
/* End PBXGroup section */

/* Begin PBXNativeTarget section */
		1EE754441DAC4B0F001100F9 /* OnTheMap */ = {
			isa = PBXNativeTarget;
			buildConfigurationList = 1EE754571DAC4B0F001100F9 /* Build configuration list for PBXNativeTarget "OnTheMap" */;
			buildPhases = (
				1EE754411DAC4B0F001100F9 /* Sources */,
				1EE754421DAC4B0F001100F9 /* Frameworks */,
				1EE754431DAC4B0F001100F9 /* Resources */,
			);
			buildRules = (
			);
			dependencies = (
			);
			name = OnTheMap;
			productName = OnTheMap;
			productReference = 1EE754451DAC4B0F001100F9 /* OnTheMap.app */;
			productType = "com.apple.product-type.application";
		};
/* End PBXNativeTarget section */

/* Begin PBXProject section */
		1EE7543D1DAC4B0F001100F9 /* Project object */ = {
			isa = PBXProject;
			attributes = {
				LastSwiftUpdateCheck = 0800;
				LastUpgradeCheck = 0800;
				TargetAttributes = {
					1EE754441DAC4B0F001100F9 = {
						CreatedOnToolsVersion = 8.0;
						DevelopmentTeam = TE7W8S33P3;
						ProvisioningStyle = Automatic;
						SystemCapabilities = {
							com.apple.Maps.iOS = {
								enabled = 1;
							};
						};
					};
				};
			};
			buildConfigurationList = 1EE754401DAC4B0F001100F9 /* Build configuration list for PBXProject "OnTheMap" */;
			compatibilityVersion = "Xcode 3.2";
			developmentRegion = English;
			hasScannedForEncodings = 0;
			knownRegions = (
				en,
				Base,
			);
			mainGroup = 1EE7543C1DAC4B0F001100F9;
			productRefGroup = 1EE754461DAC4B0F001100F9 /* Products */;
			projectDirPath = "";
			projectRoot = "";
			targets = (
				1EE754441DAC4B0F001100F9 /* OnTheMap */,
			);
		};
/* End PBXProject section */

/* Begin PBXResourcesBuildPhase section */
		1EE754431DAC4B0F001100F9 /* Resources */ = {
			isa = PBXResourcesBuildPhase;
			buildActionMask = 2147483647;
			files = (
				1EE754531DAC4B0F001100F9 /* LaunchScreen.storyboard in Resources */,
				1EE754501DAC4B0F001100F9 /* Assets.xcassets in Resources */,
				1EE7544E1DAC4B0F001100F9 /* Main.storyboard in Resources */,
			);
			runOnlyForDeploymentPostprocessing = 0;
		};
/* End PBXResourcesBuildPhase section */

/* Begin PBXSourcesBuildPhase section */
		1EE754411DAC4B0F001100F9 /* Sources */ = {
			isa = PBXSourcesBuildPhase;
			buildActionMask = 2147483647;
			files = (
				1EE7546E1DAD55F8001100F9 /* PinViewController.swift in Sources */,
				1EE754721DADB878001100F9 /* UdacityConstants.swift in Sources */,
				1EE7544B1DAC4B0F001100F9 /* LoginViewController.swift in Sources */,
				1EF740681DB15F84004359DD /* ParseData.swift in Sources */,
				1EE754651DAD418A001100F9 /* MapViewController.swift in Sources */,
				1EE754491DAC4B0F001100F9 /* AppDelegate.swift in Sources */,
				1EE7545D1DACA3E5001100F9 /* ParseClient.swift in Sources */,
				1EF740621DAEE505004359DD /* UdacityUser.swift in Sources */,
				1EF740661DB057E7004359DD /* MapTypeViewController.swift in Sources */,
				1EE7545F1DACA998001100F9 /* Student.swift in Sources */,
				1EF740641DAF0EBD004359DD /* ParseConstants.swift in Sources */,
				1EE7545B1DAC7491001100F9 /* Constants.swift in Sources */,
				1EE754741DADDEA1001100F9 /* UITextField+extension.swift in Sources */,
				1EE754671DAD41A7001100F9 /* ListViewController.swift in Sources */,
				1EE754701DADB6A0001100F9 /* UdacityClient.swift in Sources */,
			);
			runOnlyForDeploymentPostprocessing = 0;
		};
/* End PBXSourcesBuildPhase section */

/* Begin PBXVariantGroup section */
		1EE7544C1DAC4B0F001100F9 /* Main.storyboard */ = {
			isa = PBXVariantGroup;
			children = (
				1EE7544D1DAC4B0F001100F9 /* Base */,
			);
			name = Main.storyboard;
			sourceTree = "<group>";
		};
		1EE754511DAC4B0F001100F9 /* LaunchScreen.storyboard */ = {
			isa = PBXVariantGroup;
			children = (
				1EE754521DAC4B0F001100F9 /* Base */,
			);
			name = LaunchScreen.storyboard;
			sourceTree = "<group>";
		};
/* End PBXVariantGroup section */

/* Begin XCBuildConfiguration section */
		1EE754551DAC4B0F001100F9 /* Debug */ = {
			isa = XCBuildConfiguration;
			buildSettings = {
				ALWAYS_SEARCH_USER_PATHS = NO;
				CLANG_ANALYZER_NONNULL = YES;
				CLANG_CXX_LANGUAGE_STANDARD = "gnu++0x";
				CLANG_CXX_LIBRARY = "libc++";
				CLANG_ENABLE_MODULES = YES;
				CLANG_ENABLE_OBJC_ARC = YES;
				CLANG_WARN_BOOL_CONVERSION = YES;
				CLANG_WARN_CONSTANT_CONVERSION = YES;
				CLANG_WARN_DIRECT_OBJC_ISA_USAGE = YES_ERROR;
				CLANG_WARN_DOCUMENTATION_COMMENTS = YES;
				CLANG_WARN_EMPTY_BODY = YES;
				CLANG_WARN_ENUM_CONVERSION = YES;
				CLANG_WARN_INFINITE_RECURSION = YES;
				CLANG_WARN_INT_CONVERSION = YES;
				CLANG_WARN_OBJC_ROOT_CLASS = YES_ERROR;
				CLANG_WARN_SUSPICIOUS_MOVES = YES;
				CLANG_WARN_UNREACHABLE_CODE = YES;
				CLANG_WARN__DUPLICATE_METHOD_MATCH = YES;
				"CODE_SIGN_IDENTITY[sdk=iphoneos*]" = "iPhone Developer";
				COPY_PHASE_STRIP = NO;
				DEBUG_INFORMATION_FORMAT = dwarf;
				ENABLE_STRICT_OBJC_MSGSEND = YES;
				ENABLE_TESTABILITY = YES;
				GCC_C_LANGUAGE_STANDARD = gnu99;
				GCC_DYNAMIC_NO_PIC = NO;
				GCC_NO_COMMON_BLOCKS = YES;
				GCC_OPTIMIZATION_LEVEL = 0;
				GCC_PREPROCESSOR_DEFINITIONS = (
					"DEBUG=1",
					"$(inherited)",
				);
				GCC_WARN_64_TO_32_BIT_CONVERSION = YES;
				GCC_WARN_ABOUT_RETURN_TYPE = YES_ERROR;
				GCC_WARN_UNDECLARED_SELECTOR = YES;
				GCC_WARN_UNINITIALIZED_AUTOS = YES_AGGRESSIVE;
				GCC_WARN_UNUSED_FUNCTION = YES;
				GCC_WARN_UNUSED_VARIABLE = YES;
				IPHONEOS_DEPLOYMENT_TARGET = 10.0;
				MTL_ENABLE_DEBUG_INFO = YES;
				ONLY_ACTIVE_ARCH = YES;
				SDKROOT = iphoneos;
				SWIFT_ACTIVE_COMPILATION_CONDITIONS = DEBUG;
				SWIFT_OPTIMIZATION_LEVEL = "-Onone";
				TARGETED_DEVICE_FAMILY = "1,2";
			};
			name = Debug;
		};
		1EE754561DAC4B0F001100F9 /* Release */ = {
			isa = XCBuildConfiguration;
			buildSettings = {
				ALWAYS_SEARCH_USER_PATHS = NO;
				CLANG_ANALYZER_NONNULL = YES;
				CLANG_CXX_LANGUAGE_STANDARD = "gnu++0x";
				CLANG_CXX_LIBRARY = "libc++";
				CLANG_ENABLE_MODULES = YES;
				CLANG_ENABLE_OBJC_ARC = YES;
				CLANG_WARN_BOOL_CONVERSION = YES;
				CLANG_WARN_CONSTANT_CONVERSION = YES;
				CLANG_WARN_DIRECT_OBJC_ISA_USAGE = YES_ERROR;
				CLANG_WARN_DOCUMENTATION_COMMENTS = YES;
				CLANG_WARN_EMPTY_BODY = YES;
				CLANG_WARN_ENUM_CONVERSION = YES;
				CLANG_WARN_INFINITE_RECURSION = YES;
				CLANG_WARN_INT_CONVERSION = YES;
				CLANG_WARN_OBJC_ROOT_CLASS = YES_ERROR;
				CLANG_WARN_SUSPICIOUS_MOVES = YES;
				CLANG_WARN_UNREACHABLE_CODE = YES;
				CLANG_WARN__DUPLICATE_METHOD_MATCH = YES;
				"CODE_SIGN_IDENTITY[sdk=iphoneos*]" = "iPhone Developer";
				COPY_PHASE_STRIP = NO;
				DEBUG_INFORMATION_FORMAT = "dwarf-with-dsym";
				ENABLE_NS_ASSERTIONS = NO;
				ENABLE_STRICT_OBJC_MSGSEND = YES;
				GCC_C_LANGUAGE_STANDARD = gnu99;
				GCC_NO_COMMON_BLOCKS = YES;
				GCC_WARN_64_TO_32_BIT_CONVERSION = YES;
				GCC_WARN_ABOUT_RETURN_TYPE = YES_ERROR;
				GCC_WARN_UNDECLARED_SELECTOR = YES;
				GCC_WARN_UNINITIALIZED_AUTOS = YES_AGGRESSIVE;
				GCC_WARN_UNUSED_FUNCTION = YES;
				GCC_WARN_UNUSED_VARIABLE = YES;
				IPHONEOS_DEPLOYMENT_TARGET = 10.0;
				MTL_ENABLE_DEBUG_INFO = NO;
				SDKROOT = iphoneos;
				SWIFT_OPTIMIZATION_LEVEL = "-Owholemodule";
				TARGETED_DEVICE_FAMILY = "1,2";
				VALIDATE_PRODUCT = YES;
			};
			name = Release;
		};
		1EE754581DAC4B0F001100F9 /* Debug */ = {
			isa = XCBuildConfiguration;
			buildSettings = {
				ASSETCATALOG_COMPILER_APPICON_NAME = AppIcon;
				DEVELOPMENT_TEAM = TE7W8S33P3;
				INFOPLIST_FILE = OnTheMap/Info.plist;
				IPHONEOS_DEPLOYMENT_TARGET = 8.0;
				LD_RUNPATH_SEARCH_PATHS = "$(inherited) @executable_path/Frameworks";
				PRODUCT_BUNDLE_IDENTIFIER = com.mahmoud.tawfik.OnTheMap;
				PRODUCT_NAME = "$(TARGET_NAME)";
				SWIFT_VERSION = 3.0;
				TARGETED_DEVICE_FAMILY = "1,2";
			};
			name = Debug;
		};
		1EE754591DAC4B0F001100F9 /* Release */ = {
			isa = XCBuildConfiguration;
			buildSettings = {
				ASSETCATALOG_COMPILER_APPICON_NAME = AppIcon;
				DEVELOPMENT_TEAM = TE7W8S33P3;
				INFOPLIST_FILE = OnTheMap/Info.plist;
				IPHONEOS_DEPLOYMENT_TARGET = 8.0;
				LD_RUNPATH_SEARCH_PATHS = "$(inherited) @executable_path/Frameworks";
				PRODUCT_BUNDLE_IDENTIFIER = com.mahmoud.tawfik.OnTheMap;
				PRODUCT_NAME = "$(TARGET_NAME)";
				SWIFT_VERSION = 3.0;
				TARGETED_DEVICE_FAMILY = "1,2";
			};
			name = Release;
		};
/* End XCBuildConfiguration section */

/* Begin XCConfigurationList section */
		1EE754401DAC4B0F001100F9 /* Build configuration list for PBXProject "OnTheMap" */ = {
			isa = XCConfigurationList;
			buildConfigurations = (
				1EE754551DAC4B0F001100F9 /* Debug */,
				1EE754561DAC4B0F001100F9 /* Release */,
			);
			defaultConfigurationIsVisible = 0;
			defaultConfigurationName = Release;
		};
		1EE754571DAC4B0F001100F9 /* Build configuration list for PBXNativeTarget "OnTheMap" */ = {
			isa = XCConfigurationList;
			buildConfigurations = (
				1EE754581DAC4B0F001100F9 /* Debug */,
				1EE754591DAC4B0F001100F9 /* Release */,
			);
			defaultConfigurationIsVisible = 0;
			defaultConfigurationName = Release;
		};
/* End XCConfigurationList section */
	};
	rootObject = 1EE7543D1DAC4B0F001100F9 /* Project object */;
}
